uuid: 267c40ad-0c78-42b8-b756-61e1219b2ac0
langcode: de
status: true
dependencies:
  module:
    - block
    - paragraphs
id: paragraph.field_block
field_name: field_block
entity_type: paragraph
type: entity_reference
settings:
  target_type: block
module: core
locked: false
cardinality: 1
translatable: true
indexes: {  }
persist_with_no_fields: false
custom_storage: false
